
Microsoft Visual Studio Solution File, Format Version 12.00
# Visual Studio Version 17
VisualStudioVersion = 17.11.35327.3
MinimumVisualStudioVersion = 10.0.40219.1
Project("{FAE04EC0-301F-11D3-BF4B-00C04F79EFBC}") = "CarRentalManagement-PE04", "CarRentalManagement-PE04\CarRentalManagement-PE04.csproj", "{7A1CD326-4726-48B8-8F6F-A0C031A2D14B}"
EndProject
Global
	GlobalSection(SolutionConfigurationPlatforms) = preSolution
		Debug|Any CPU = Debug|Any CPU
		Release|Any CPU = Release|Any CPU
	EndGlobalSection
	GlobalSection(ProjectConfigurationPlatforms) = postSolution
		{7A1CD326-4726-48B8-8F6F-A0C031A2D14B}.Debug|Any CPU.ActiveCfg = Debug|Any CPU
		{7A1CD326-4726-48B8-8F6F-A0C031A2D14B}.Debug|Any CPU.Build.0 = Debug|Any CPU
		{7A1CD326-4726-48B8-8F6F-A0C031A2D14B}.Release|Any CPU.ActiveCfg = Release|Any CPU
		{7A1CD326-4726-48B8-8F6F-A0C031A2D14B}.Release|Any CPU.Build.0 = Release|Any CPU
	EndGlobalSection
	GlobalSection(SolutionProperties) = preSolution
		HideSolutionNode = FALSE
	EndGlobalSection
	GlobalSection(ExtensibilityGlobals) = postSolution
		SolutionGuid = {E1DDBEA2-BE2D-478E-A516-BFC963AB5E00}
	EndGlobalSection
EndGlobal
